// !$*UTF8*$!
{
	archiveVersion = 1;
	classes = {
	};
	objectVersion = 46;
	objects = {

/* Begin PBXBuildFile section */
		B4BD89DB1B4067E1006DBC87 /* AppDelegate.swift in Sources */ = {isa = PBXBuildFile; fileRef = B4BD89DA1B4067E1006DBC87 /* AppDelegate.swift */; };
		B4BD89DD1B4067E1006DBC87 /* ViewController.swift in Sources */ = {isa = PBXBuildFile; fileRef = B4BD89DC1B4067E1006DBC87 /* ViewController.swift */; };
		B4BD89E01B4067E1006DBC87 /* Main.storyboard in Resources */ = {isa = PBXBuildFile; fileRef = B4BD89DE1B4067E1006DBC87 /* Main.storyboard */; };
		B4BD89E21B4067E1006DBC87 /* Images.xcassets in Resources */ = {isa = PBXBuildFile; fileRef = B4BD89E11B4067E1006DBC87 /* Images.xcassets */; };
		B4BD89E51B4067E1006DBC87 /* LaunchScreen.xib in Resources */ = {isa = PBXBuildFile; fileRef = B4BD89E31B4067E1006DBC87 /* LaunchScreen.xib */; };
		B4BD89F11B4067E2006DBC87 /* ControlFlowTests.swift in Sources */ = {isa = PBXBuildFile; fileRef = B4BD89F01B4067E2006DBC87 /* ControlFlowTests.swift */; };
/* End PBXBuildFile section */

/* Begin PBXContainerItemProxy section */
		B4BD89EB1B4067E1006DBC87 /* PBXContainerItemProxy */ = {
			isa = PBXContainerItemProxy;
			containerPortal = B4BD89CD1B4067E1006DBC87 /* Project object */;
			proxyType = 1;
			remoteGlobalIDString = B4BD89D41B4067E1006DBC87;
			remoteInfo = ControlFlow;
		};
/* End PBXContainerItemProxy section */

/* Begin PBXFileReference section */
		B4BD89D51B4067E1006DBC87 /* ControlFlow.app */ = {isa = PBXFileReference; explicitFileType = wrapper.application; includeInIndex = 0; path = ControlFlow.app; sourceTree = BUILT_PRODUCTS_DIR; };
		B4BD89D91B4067E1006DBC87 /* Info.plist */ = {isa = PBXFileReference; lastKnownFileType = text.plist.xml; path = Info.plist; sourceTree = "<group>"; };
		B4BD89DA1B4067E1006DBC87 /* AppDelegate.swift */ = {isa = PBXFileReference; lastKnownFileType = sourcecode.swift; path = AppDelegate.swift; sourceTree = "<group>"; };
		B4BD89DC1B4067E1006DBC87 /* ViewController.swift */ = {isa = PBXFileReference; lastKnownFileType = sourcecode.swift; path = ViewController.swift; sourceTree = "<group>"; };
		B4BD89DF1B4067E1006DBC87 /* Base */ = {isa = PBXFileReference; lastKnownFileType = file.storyboard; name = Base; path = Base.lproj/Main.storyboard; sourceTree = "<group>"; };
		B4BD89E11B4067E1006DBC87 /* Images.xcassets */ = {isa = PBXFileReference; lastKnownFileType = folder.assetcatalog; path = Images.xcassets; sourceTree = "<group>"; };
		B4BD89E41B4067E1006DBC87 /* Base */ = {isa = PBXFileReference; lastKnownFileType = file.xib; name = Base; path = Base.lproj/LaunchScreen.xib; sourceTree = "<group>"; };
		B4BD89EA1B4067E1006DBC87 /* ControlFlowTests.xctest */ = {isa = PBXFileReference; explicitFileType = wrapper.cfbundle; includeInIndex = 0; path = ControlFlowTests.xctest; sourceTree = BUILT_PRODUCTS_DIR; };
		B4BD89EF1B4067E2006DBC87 /* Info.plist */ = {isa = PBXFileReference; lastKnownFileType = text.plist.xml; path = Info.plist; sourceTree = "<group>"; };
		B4BD89F01B4067E2006DBC87 /* ControlFlowTests.swift */ = {isa = PBXFileReference; lastKnownFileType = sourcecode.swift; path = ControlFlowTests.swift; sourceTree = "<group>"; };
/* End PBXFileReference section */

/* Begin PBXFrameworksBuildPhase section */
		B4BD89D21B4067E1006DBC87 /* Frameworks */ = {
			isa = PBXFrameworksBuildPhase;
			buildActionMask = 2147483647;
			files = (
			);
			runOnlyForDeploymentPostprocessing = 0;
		};
		B4BD89E71B4067E1006DBC87 /* Frameworks */ = {
			isa = PBXFrameworksBuildPhase;
			buildActionMask = 2147483647;
			files = (
			);
			runOnlyForDeploymentPostprocessing = 0;
		};
/* End PBXFrameworksBuildPhase section */

/* Begin PBXGroup section */
		B4BD89CC1B4067E1006DBC87 = {
			isa = PBXGroup;
			children = (
				B4BD89D71B4067E1006DBC87 /* ControlFlow */,
				B4BD89ED1B4067E1006DBC87 /* ControlFlowTests */,
				B4BD89D61B4067E1006DBC87 /* Products */,
			);
			sourceTree = "<group>";
		};
		B4BD89D61B4067E1006DBC87 /* Products */ = {
			isa = PBXGroup;
			children = (
				B4BD89D51B4067E1006DBC87 /* ControlFlow.app */,
				B4BD89EA1B4067E1006DBC87 /* ControlFlowTests.xctest */,
			);
			name = Products;
			sourceTree = "<group>";
		};
		B4BD89D71B4067E1006DBC87 /* ControlFlow */ = {
			isa = PBXGroup;
			children = (
				B4BD89DA1B4067E1006DBC87 /* AppDelegate.swift */,
				B4BD89DC1B4067E1006DBC87 /* ViewController.swift */,
				B4BD89DE1B4067E1006DBC87 /* Main.storyboard */,
				B4BD89E11B4067E1006DBC87 /* Images.xcassets */,
				B4BD89E31B4067E1006DBC87 /* LaunchScreen.xib */,
				B4BD89D81B4067E1006DBC87 /* Supporting Files */,
			);
			path = ControlFlow;
			sourceTree = "<group>";
		};
		B4BD89D81B4067E1006DBC87 /* Supporting Files */ = {
			isa = PBXGroup;
			children = (
				B4BD89D91B4067E1006DBC87 /* Info.plist */,
			);
			name = "Supporting Files";
			sourceTree = "<group>";
		};
		B4BD89ED1B4067E1006DBC87 /* ControlFlowTests */ = {
			isa = PBXGroup;
			children = (
				B4BD89F01B4067E2006DBC87 /* ControlFlowTests.swift */,
				B4BD89EE1B4067E1006DBC87 /* Supporting Files */,
			);
			path = ControlFlowTests;
			sourceTree = "<group>";
		};
		B4BD89EE1B4067E1006DBC87 /* Supporting Files */ = {
			isa = PBXGroup;
			children = (
				B4BD89EF1B4067E2006DBC87 /* Info.plist */,
			);
			name = "Supporting Files";
			sourceTree = "<group>";
		};
/* End PBXGroup section */

/* Begin PBXNativeTarget section */
		B4BD89D41B4067E1006DBC87 /* ControlFlow */ = {
			isa = PBXNativeTarget;
			buildConfigurationList = B4BD89F41B4067E2006DBC87 /* Build configuration list for PBXNativeTarget "ControlFlow" */;
			buildPhases = (
				B4BD89D11B4067E1006DBC87 /* Sources */,
				B4BD89D21B4067E1006DBC87 /* Frameworks */,
				B4BD89D31B4067E1006DBC87 /* Resources */,
			);
			buildRules = (
			);
			dependencies = (
			);
			name = ControlFlow;
			productName = ControlFlow;
			productReference = B4BD89D51B4067E1006DBC87 /* ControlFlow.app */;
			productType = "com.apple.product-type.application";
		};
		B4BD89E91B4067E1006DBC87 /* ControlFlowTests */ = {
			isa = PBXNativeTarget;
			buildConfigurationList = B4BD89F71B4067E2006DBC87 /* Build configuration list for PBXNativeTarget "ControlFlowTests" */;
			buildPhases = (
				B4BD89E61B4067E1006DBC87 /* Sources */,
				B4BD89E71B4067E1006DBC87 /* Frameworks */,
				B4BD89E81B4067E1006DBC87 /* Resources */,
			);
			buildRules = (
			);
			dependencies = (
				B4BD89EC1B4067E1006DBC87 /* PBXTargetDependency */,
			);
			name = ControlFlowTests;
			productName = ControlFlowTests;
			productReference = B4BD89EA1B4067E1006DBC87 /* ControlFlowTests.xctest */;
			productType = "com.apple.product-type.bundle.unit-test";
		};
/* End PBXNativeTarget section */

/* Begin PBXProject section */
		B4BD89CD1B4067E1006DBC87 /* Project object */ = {
			isa = PBXProject;
			attributes = {
				LastUpgradeCheck = 0630;
				ORGANIZATIONNAME = "bitfountain-student";
				TargetAttributes = {
					B4BD89D41B4067E1006DBC87 = {
						CreatedOnToolsVersion = 6.3.1;
					};
					B4BD89E91B4067E1006DBC87 = {
						CreatedOnToolsVersion = 6.3.1;
						TestTargetID = B4BD89D41B4067E1006DBC87;
					};
				};
			};
			buildConfigurationList = B4BD89D01B4067E1006DBC87 /* Build configuration list for PBXProject "ControlFlow" */;
			compatibilityVersion = "Xcode 3.2";
			developmentRegion = English;
			hasScannedForEncodings = 0;
			knownRegions = (
				en,
				Base,
			);
			mainGroup = B4BD89CC1B4067E1006DBC87;
			productRefGroup = B4BD89D61B4067E1006DBC87 /* Products */;
			projectDirPath = "";
			projectRoot = "";
			targets = (
				B4BD89D41B4067E1006DBC87 /* ControlFlow */,
				B4BD89E91B4067E1006DBC87 /* ControlFlowTests */,
			);
		};
/* End PBXProject section */

/* Begin PBXResourcesBuildPhase section */
		B4BD89D31B4067E1006DBC87 /* Resources */ = {
			isa = PBXResourcesBuildPhase;
			buildActionMask = 2147483647;
			files = (
				B4BD89E01B4067E1006DBC87 /* Main.storyboard in Resources */,
				B4BD89E51B4067E1006DBC87 /* LaunchScreen.xib in Resources */,
				B4BD89E21B4067E1006DBC87 /* Images.xcassets in Resources */,
			);
			runOnlyForDeploymentPostprocessing = 0;
		};
		B4BD89E81B4067E1006DBC87 /* Resources */ = {
			isa = PBXResourcesBuildPhase;
			buildActionMask = 2147483647;
			files = (
			);
			runOnlyForDeploymentPostprocessing = 0;
		};
/* End PBXResourcesBuildPhase section */

/* Begin PBXSourcesBuildPhase section */
		B4BD89D11B4067E1006DBC87 /* Sources */ = {
			isa = PBXSourcesBuildPhase;
			buildActionMask = 2147483647;
			files = (
				B4BD89DD1B4067E1006DBC87 /* ViewController.swift in Sources */,
				B4BD89DB1B4067E1006DBC87 /* AppDelegate.swift in Sources */,
			);
			runOnlyForDeploymentPostprocessing = 0;
		};
		B4BD89E61B4067E1006DBC87 /* Sources */ = {
			isa = PBXSourcesBuildPhase;
			buildActionMask = 2147483647;
			files = (
				B4BD89F11B4067E2006DBC87 /* ControlFlowTests.swift in Sources */,
			);
			runOnlyForDeploymentPostprocessing = 0;
		};
/* End PBXSourcesBuildPhase section */

/* Begin PBXTargetDependency section */
		B4BD89EC1B4067E1006DBC87 /* PBXTargetDependency */ = {
			isa = PBXTargetDependency;
			target = B4BD89D41B4067E1006DBC87 /* ControlFlow */;
			targetProxy = B4BD89EB1B4067E1006DBC87 /* PBXContainerItemProxy */;
		};
/* End PBXTargetDependency section */

/* Begin PBXVariantGroup section */
		B4BD89DE1B4067E1006DBC87 /* Main.storyboard */ = {
			isa = PBXVariantGroup;
			children = (
				B4BD89DF1B4067E1006DBC87 /* Base */,
			);
			name = Main.storyboard;
			sourceTree = "<group>";
		};
		B4BD89E31B4067E1006DBC87 /* LaunchScreen.xib */ = {
			isa = PBXVariantGroup;
			children = (
				B4BD89E41B4067E1006DBC87 /* Base */,
			);
			name = LaunchScreen.xib;
			sourceTree = "<group>";
		};
/* End PBXVariantGroup section */

/* Begin XCBuildConfiguration section */
		B4BD89F21B4067E2006DBC87 /* Debug */ = {
			isa = XCBuildConfiguration;
			buildSettings = {
				ALWAYS_SEARCH_USER_PATHS = NO;
				CLANG_CXX_LANGUAGE_STANDARD = "gnu++0x";
				CLANG_CXX_LIBRARY = "libc++";
				CLANG_ENABLE_MODULES = YES;
				CLANG_ENABLE_OBJC_ARC = YES;
				CLANG_WARN_BOOL_CONVERSION = YES;
				CLANG_WARN_CONSTANT_CONVERSION = YES;
				CLANG_WARN_DIRECT_OBJC_ISA_USAGE = YES_ERROR;
				CLANG_WARN_EMPTY_BODY = YES;
				CLANG_WARN_ENUM_CONVERSION = YES;
				CLANG_WARN_INT_CONVERSION = YES;
				CLANG_WARN_OBJC_ROOT_CLASS = YES_ERROR;
				CLANG_WARN_UNREACHABLE_CODE = YES;
				CLANG_WARN__DUPLICATE_METHOD_MATCH = YES;
				"CODE_SIGN_IDENTITY[sdk=iphoneos*]" = "iPhone Developer";
				COPY_PHASE_STRIP = NO;
				DEBUG_INFORMATION_FORMAT = "dwarf-with-dsym";
				ENABLE_STRICT_OBJC_MSGSEND = YES;
				GCC_C_LANGUAGE_STANDARD = gnu99;
				GCC_DYNAMIC_NO_PIC = NO;
				GCC_NO_COMMON_BLOCKS = YES;
				GCC_OPTIMIZATION_LEVEL = 0;
				GCC_PREPROCESSOR_DEFINITIONS = (
					"DEBUG=1",
					"$(inherited)",
				);
				GCC_SYMBOLS_PRIVATE_EXTERN = NO;
				GCC_WARN_64_TO_32_BIT_CONVERSION = YES;
				GCC_WARN_ABOUT_RETURN_TYPE = YES_ERROR;
				GCC_WARN_UNDECLARED_SELECTOR = YES;
				GCC_WARN_UNINITIALIZED_AUTOS = YES_AGGRESSIVE;
				GCC_WARN_UNUSED_FUNCTION = YES;
				GCC_WARN_UNUSED_VARIABLE = YES;
				IPHONEOS_DEPLOYMENT_TARGET = 8.3;
				MTL_ENABLE_DEBUG_INFO = YES;
				ONLY_ACTIVE_ARCH = YES;
				SDKROOT = iphoneos;
				SWIFT_OPTIMIZATION_LEVEL = "-Onone";
				TARGETED_DEVICE_FAMILY = "1,2";
			};
			name = Debug;
		};
		B4BD89F31B4067E2006DBC87 /* Release */ = {
			isa = XCBuildConfiguration;
			buildSettings = {
				ALWAYS_SEARCH_USER_PATHS = NO;
				CLANG_CXX_LANGUAGE_STANDARD = "gnu++0x";
				CLANG_CXX_LIBRARY = "libc++";
				CLANG_ENABLE_MODULES = YES;
				CLANG_ENABLE_OBJC_ARC = YES;
				CLANG_WARN_BOOL_CONVERSION = YES;
				CLANG_WARN_CONSTANT_CONVERSION = YES;
				CLANG_WARN_DIRECT_OBJC_ISA_USAGE = YES_ERROR;
				CLANG_WARN_EMPTY_BODY = YES;
				CLANG_WARN_ENUM_CONVERSION = YES;
				CLANG_WARN_INT_CONVERSION = YES;
				CLANG_WARN_OBJC_ROOT_CLASS = YES_ERROR;
				CLANG_WARN_UNREACHABLE_CODE = YES;
				CLANG_WARN__DUPLICATE_METHOD_MATCH = YES;
				"CODE_SIGN_IDENTITY[sdk=iphoneos*]" = "iPhone Developer";
				COPY_PHASE_STRIP = NO;
				DEBUG_INFORMATION_FORMAT = "dwarf-with-dsym";
				ENABLE_NS_ASSERTIONS = NO;
				ENABLE_STRICT_OBJC_MSGSEND = YES;
				GCC_C_LANGUAGE_STANDARD = gnu99;
				GCC_NO_COMMON_BLOCKS = YES;
				GCC_WARN_64_TO_32_BIT_CONVERSION = YES;
				GCC_WARN_ABOUT_RETURN_TYPE = YES_ERROR;
				GCC_WARN_UNDECLARED_SELECTOR = YES;
				GCC_WARN_UNINITIALIZED_AUTOS = YES_AGGRESSIVE;
				GCC_WARN_UNUSED_FUNCTION = YES;
				GCC_WARN_UNUSED_VARIABLE = YES;
				IPHONEOS_DEPLOYMENT_TARGET = 8.3;
				MTL_ENABLE_DEBUG_INFO = NO;
				SDKROOT = iphoneos;
				TARGETED_DEVICE_FAMILY = "1,2";
				VALIDATE_PRODUCT = YES;
			};
			name = Release;
		};
		B4BD89F51B4067E2006DBC87 /* Debug */ = {
			isa = XCBuildConfiguration;
			buildSettings = {
				ASSETCATALOG_COMPILER_APPICON_NAME = AppIcon;
				INFOPLIST_FILE = ControlFlow/Info.plist;
				LD_RUNPATH_SEARCH_PATHS = "$(inherited) @executable_path/Frameworks";
				PRODUCT_NAME = "$(TARGET_NAME)";
			};
			name = Debug;
		};
		B4BD89F61B4067E2006DBC87 /* Release */ = {
			isa = XCBuildConfiguration;
			buildSettings = {
				ASSETCATALOG_COMPILER_APPICON_NAME = AppIcon;
				INFOPLIST_FILE = ControlFlow/Info.plist;
				LD_RUNPATH_SEARCH_PATHS = "$(inherited) @executable_path/Frameworks";
				PRODUCT_NAME = "$(TARGET_NAME)";
			};
			name = Release;
		};
		B4BD89F81B4067E2006DBC87 /* Debug */ = {
			isa = XCBuildConfiguration;
			buildSettings = {
				BUNDLE_LOADER = "$(TEST_HOST)";
				FRAMEWORK_SEARCH_PATHS = (
					"$(SDKROOT)/Developer/Library/Frameworks",
					"$(inherited)",
				);
				GCC_PREPROCESSOR_DEFINITIONS = (
					"DEBUG=1",
					"$(inherited)",
				);
				INFOPLIST_FILE = ControlFlowTests/Info.plist;
				LD_RUNPATH_SEARCH_PATHS = "$(inherited) @executable_path/Frameworks @loader_path/Frameworks";
				PRODUCT_NAME = "$(TARGET_NAME)";
				TEST_HOST = "$(BUILT_PRODUCTS_DIR)/ControlFlow.app/ControlFlow";
			};
			name = Debug;
		};
		B4BD89F91B4067E2006DBC87 /* Release */ = {
			isa = XCBuildConfiguration;
			buildSettings = {
				BUNDLE_LOADER = "$(TEST_HOST)";
				FRAMEWORK_SEARCH_PATHS = (
					"$(SDKROOT)/Developer/Library/Frameworks",
					"$(inherited)",
				);
				INFOPLIST_FILE = ControlFlowTests/Info.plist;
				LD_RUNPATH_SEARCH_PATHS = "$(inherited) @executable_path/Frameworks @loader_path/Frameworks";
				PRODUCT_NAME = "$(TARGET_NAME)";
				TEST_HOST = "$(BUILT_PRODUCTS_DIR)/ControlFlow.app/ControlFlow";
			};
			name = Release;
		};
/* End XCBuildConfiguration section */

/* Begin XCConfigurationList section */
		B4BD89D01B4067E1006DBC87 /* Build configuration list for PBXProject "ControlFlow" */ = {
			isa = XCConfigurationList;
			buildConfigurations = (
				B4BD89F21B4067E2006DBC87 /* Debug */,
				B4BD89F31B4067E2006DBC87 /* Release */,
			);
			defaultConfigurationIsVisible = 0;
			defaultConfigurationName = Release;
		};
		B4BD89F41B4067E2006DBC87 /* Build configuration list for PBXNativeTarget "ControlFlow" */ = {
			isa = XCConfigurationList;
			buildConfigurations = (
				B4BD89F51B4067E2006DBC87 /* Debug */,
				B4BD89F61B4067E2006DBC87 /* Release */,
			);
			defaultConfigurationIsVisible = 0;
		};
		B4BD89F71B4067E2006DBC87 /* Build configuration list for PBXNativeTarget "ControlFlowTests" */ = {
			isa = XCConfigurationList;
			buildConfigurations = (
				B4BD89F81B4067E2006DBC87 /* Debug */,
				B4BD89F91B4067E2006DBC87 /* Release */,
			);
			defaultConfigurationIsVisible = 0;
		};
/* End XCConfigurationList section */
	};
	rootObject = B4BD89CD1B4067E1006DBC87 /* Project object */;
}
